// !$*UTF8*$!
{
	archiveVersion = 1;
	classes = {
	};
	objectVersion = 56;
	objects = {

/* Begin PBXBuildFile section */
		D243C7E92A39C5C900A069A9 /* AppDelegate.swift in Sources */ = {isa = PBXBuildFile; fileRef = D243C7E82A39C5C900A069A9 /* AppDelegate.swift */; };
		D243C7EB2A39C5C900A069A9 /* SceneDelegate.swift in Sources */ = {isa = PBXBuildFile; fileRef = D243C7EA2A39C5C900A069A9 /* SceneDelegate.swift */; };
		D243C7ED2A39C5C900A069A9 /* ViewController.swift in Sources */ = {isa = PBXBuildFile; fileRef = D243C7EC2A39C5C900A069A9 /* ViewController.swift */; };
		D243C7F02A39C5C900A069A9 /* Main.storyboard in Resources */ = {isa = PBXBuildFile; fileRef = D243C7EE2A39C5C900A069A9 /* Main.storyboard */; };
		D243C7F22A39C5CB00A069A9 /* Assets.xcassets in Resources */ = {isa = PBXBuildFile; fileRef = D243C7F12A39C5CB00A069A9 /* Assets.xcassets */; };
		D243C7F52A39C5CB00A069A9 /* LaunchScreen.storyboard in Resources */ = {isa = PBXBuildFile; fileRef = D243C7F32A39C5CB00A069A9 /* LaunchScreen.storyboard */; };
		D243C7FD2A39D99900A069A9 /* TimerViewController.swift in Sources */ = {isa = PBXBuildFile; fileRef = D243C7FC2A39D99900A069A9 /* TimerViewController.swift */; };
		D243C7FF2A39DB1D00A069A9 /* PointViewController.swift in Sources */ = {isa = PBXBuildFile; fileRef = D243C7FE2A39DB1D00A069A9 /* PointViewController.swift */; };
		D243C8012A39DB6100A069A9 /* TargetsViewController.swift in Sources */ = {isa = PBXBuildFile; fileRef = D243C8002A39DB6100A069A9 /* TargetsViewController.swift */; };
		D254CE5E2A430FF60072F775 /* ResultViewController.swift in Sources */ = {isa = PBXBuildFile; fileRef = D254CE5D2A430FF60072F775 /* ResultViewController.swift */; };
/* End PBXBuildFile section */

/* Begin PBXFileReference section */
		D243C7E52A39C5C900A069A9 /* Neat.app */ = {isa = PBXFileReference; explicitFileType = wrapper.application; includeInIndex = 0; path = Neat.app; sourceTree = BUILT_PRODUCTS_DIR; };
		D243C7E82A39C5C900A069A9 /* AppDelegate.swift */ = {isa = PBXFileReference; lastKnownFileType = sourcecode.swift; path = AppDelegate.swift; sourceTree = "<group>"; };
		D243C7EA2A39C5C900A069A9 /* SceneDelegate.swift */ = {isa = PBXFileReference; lastKnownFileType = sourcecode.swift; path = SceneDelegate.swift; sourceTree = "<group>"; };
		D243C7EC2A39C5C900A069A9 /* ViewController.swift */ = {isa = PBXFileReference; lastKnownFileType = sourcecode.swift; path = ViewController.swift; sourceTree = "<group>"; };
		D243C7EF2A39C5C900A069A9 /* Base */ = {isa = PBXFileReference; lastKnownFileType = file.storyboard; name = Base; path = Base.lproj/Main.storyboard; sourceTree = "<group>"; };
		D243C7F12A39C5CB00A069A9 /* Assets.xcassets */ = {isa = PBXFileReference; lastKnownFileType = folder.assetcatalog; path = Assets.xcassets; sourceTree = "<group>"; };
		D243C7F42A39C5CB00A069A9 /* Base */ = {isa = PBXFileReference; lastKnownFileType = file.storyboard; name = Base; path = Base.lproj/LaunchScreen.storyboard; sourceTree = "<group>"; };
		D243C7F62A39C5CB00A069A9 /* Info.plist */ = {isa = PBXFileReference; lastKnownFileType = text.plist.xml; path = Info.plist; sourceTree = "<group>"; };
		D243C7FC2A39D99900A069A9 /* TimerViewController.swift */ = {isa = PBXFileReference; lastKnownFileType = sourcecode.swift; path = TimerViewController.swift; sourceTree = "<group>"; };
		D243C7FE2A39DB1D00A069A9 /* PointViewController.swift */ = {isa = PBXFileReference; lastKnownFileType = sourcecode.swift; path = PointViewController.swift; sourceTree = "<group>"; };
		D243C8002A39DB6100A069A9 /* TargetsViewController.swift */ = {isa = PBXFileReference; lastKnownFileType = sourcecode.swift; path = TargetsViewController.swift; sourceTree = "<group>"; };
		D254CE5D2A430FF60072F775 /* ResultViewController.swift */ = {isa = PBXFileReference; lastKnownFileType = sourcecode.swift; path = ResultViewController.swift; sourceTree = "<group>"; };
/* End PBXFileReference section */

/* Begin PBXFrameworksBuildPhase section */
		D243C7E22A39C5C900A069A9 /* Frameworks */ = {
			isa = PBXFrameworksBuildPhase;
			buildActionMask = 2147483647;
			files = (
			);
			runOnlyForDeploymentPostprocessing = 0;
		};
/* End PBXFrameworksBuildPhase section */

/* Begin PBXGroup section */
		D243C7DC2A39C5C900A069A9 = {
			isa = PBXGroup;
			children = (
				D254CE5D2A430FF60072F775 /* ResultViewController.swift */,
				D243C7E72A39C5C900A069A9 /* Neat */,
				D243C7E62A39C5C900A069A9 /* Products */,
			);
			sourceTree = "<group>";
		};
		D243C7E62A39C5C900A069A9 /* Products */ = {
			isa = PBXGroup;
			children = (
				D243C7E52A39C5C900A069A9 /* Neat.app */,
			);
			name = Products;
			sourceTree = "<group>";
		};
		D243C7E72A39C5C900A069A9 /* Neat */ = {
			isa = PBXGroup;
			children = (
				D243C7E82A39C5C900A069A9 /* AppDelegate.swift */,
				D243C7EA2A39C5C900A069A9 /* SceneDelegate.swift */,
				D243C7EC2A39C5C900A069A9 /* ViewController.swift */,
				D243C7FC2A39D99900A069A9 /* TimerViewController.swift */,
				D243C7FE2A39DB1D00A069A9 /* PointViewController.swift */,
				D243C8002A39DB6100A069A9 /* TargetsViewController.swift */,
				D243C7EE2A39C5C900A069A9 /* Main.storyboard */,
				D243C7F12A39C5CB00A069A9 /* Assets.xcassets */,
				D243C7F32A39C5CB00A069A9 /* LaunchScreen.storyboard */,
				D243C7F62A39C5CB00A069A9 /* Info.plist */,
			);
			path = Neat;
			sourceTree = "<group>";
		};
/* End PBXGroup section */

/* Begin PBXNativeTarget section */
		D243C7E42A39C5C900A069A9 /* Neat */ = {
			isa = PBXNativeTarget;
			buildConfigurationList = D243C7F92A39C5CB00A069A9 /* Build configuration list for PBXNativeTarget "Neat" */;
			buildPhases = (
				D243C7E12A39C5C900A069A9 /* Sources */,
				D243C7E22A39C5C900A069A9 /* Frameworks */,
				D243C7E32A39C5C900A069A9 /* Resources */,
			);
			buildRules = (
			);
			dependencies = (
			);
			name = Neat;
			productName = Neat;
			productReference = D243C7E52A39C5C900A069A9 /* Neat.app */;
			productType = "com.apple.product-type.application";
		};
/* End PBXNativeTarget section */

/* Begin PBXProject section */
		D243C7DD2A39C5C900A069A9 /* Project object */ = {
			isa = PBXProject;
			attributes = {
				BuildIndependentTargetsInParallel = 1;
				LastSwiftUpdateCheck = 1420;
				LastUpgradeCheck = 1420;
				TargetAttributes = {
					D243C7E42A39C5C900A069A9 = {
						CreatedOnToolsVersion = 14.2;
					};
				};
			};
			buildConfigurationList = D243C7E02A39C5C900A069A9 /* Build configuration list for PBXProject "Neat" */;
			compatibilityVersion = "Xcode 14.0";
			developmentRegion = en;
			hasScannedForEncodings = 0;
			knownRegions = (
				en,
				Base,
			);
			mainGroup = D243C7DC2A39C5C900A069A9;
			productRefGroup = D243C7E62A39C5C900A069A9 /* Products */;
			projectDirPath = "";
			projectRoot = "";
			targets = (
				D243C7E42A39C5C900A069A9 /* Neat */,
			);
		};
/* End PBXProject section */

/* Begin PBXResourcesBuildPhase section */
		D243C7E32A39C5C900A069A9 /* Resources */ = {
			isa = PBXResourcesBuildPhase;
			buildActionMask = 2147483647;
			files = (
				D243C7F52A39C5CB00A069A9 /* LaunchScreen.storyboard in Resources */,
				D243C7F22A39C5CB00A069A9 /* Assets.xcassets in Resources */,
				D243C7F02A39C5C900A069A9 /* Main.storyboard in Resources */,
			);
			runOnlyForDeploymentPostprocessing = 0;
		};
/* End PBXResourcesBuildPhase section */

/* Begin PBXSourcesBuildPhase section */
		D243C7E12A39C5C900A069A9 /* Sources */ = {
			isa = PBXSourcesBuildPhase;
			buildActionMask = 2147483647;
			files = (
				D243C7FF2A39DB1D00A069A9 /* PointViewController.swift in Sources */,
				D243C7FD2A39D99900A069A9 /* TimerViewController.swift in Sources */,
				D254CE5E2A430FF60072F775 /* ResultViewController.swift in Sources */,
				D243C7ED2A39C5C900A069A9 /* ViewController.swift in Sources */,
				D243C7E92A39C5C900A069A9 /* AppDelegate.swift in Sources */,
				D243C7EB2A39C5C900A069A9 /* SceneDelegate.swift in Sources */,
				D243C8012A39DB6100A069A9 /* TargetsViewController.swift in Sources */,
			);
			runOnlyForDeploymentPostprocessing = 0;
		};
/* End PBXSourcesBuildPhase section */

/* Begin PBXVariantGroup section */
		D243C7EE2A39C5C900A069A9 /* Main.storyboard */ = {
			isa = PBXVariantGroup;
			children = (
				D243C7EF2A39C5C900A069A9 /* Base */,
			);
			name = Main.storyboard;
			sourceTree = "<group>";
		};
		D243C7F32A39C5CB00A069A9 /* LaunchScreen.storyboard */ = {
			isa = PBXVariantGroup;
			children = (
				D243C7F42A39C5CB00A069A9 /* Base */,
			);
			name = LaunchScreen.storyboard;
			sourceTree = "<group>";
		};
/* End PBXVariantGroup section */

/* Begin XCBuildConfiguration section */
		D243C7F72A39C5CB00A069A9 /* Debug */ = {
			isa = XCBuildConfiguration;
			buildSettings = {
				ALWAYS_SEARCH_USER_PATHS = NO;
				CLANG_ANALYZER_NONNULL = YES;
				CLANG_ANALYZER_NUMBER_OBJECT_CONVERSION = YES_AGGRESSIVE;
				CLANG_CXX_LANGUAGE_STANDARD = "gnu++20";
				CLANG_ENABLE_MODULES = YES;
				CLANG_ENABLE_OBJC_ARC = YES;
				CLANG_ENABLE_OBJC_WEAK = YES;
				CLANG_WARN_BLOCK_CAPTURE_AUTORELEASING = YES;
				CLANG_WARN_BOOL_CONVERSION = YES;
				CLANG_WARN_COMMA = YES;
				CLANG_WARN_CONSTANT_CONVERSION = YES;
				CLANG_WARN_DEPRECATED_OBJC_IMPLEMENTATIONS = YES;
				CLANG_WARN_DIRECT_OBJC_ISA_USAGE = YES_ERROR;
				CLANG_WARN_DOCUMENTATION_COMMENTS = YES;
				CLANG_WARN_EMPTY_BODY = YES;
				CLANG_WARN_ENUM_CONVERSION = YES;
				CLANG_WARN_INFINITE_RECURSION = YES;
				CLANG_WARN_INT_CONVERSION = YES;
				CLANG_WARN_NON_LITERAL_NULL_CONVERSION = YES;
				CLANG_WARN_OBJC_IMPLICIT_RETAIN_SELF = YES;
				CLANG_WARN_OBJC_LITERAL_CONVERSION = YES;
				CLANG_WARN_OBJC_ROOT_CLASS = YES_ERROR;
				CLANG_WARN_QUOTED_INCLUDE_IN_FRAMEWORK_HEADER = YES;
				CLANG_WARN_RANGE_LOOP_ANALYSIS = YES;
				CLANG_WARN_STRICT_PROTOTYPES = YES;
				CLANG_WARN_SUSPICIOUS_MOVE = YES;
				CLANG_WARN_UNGUARDED_AVAILABILITY = YES_AGGRESSIVE;
				CLANG_WARN_UNREACHABLE_CODE = YES;
				CLANG_WARN__DUPLICATE_METHOD_MATCH = YES;
				COPY_PHASE_STRIP = NO;
				DEBUG_INFORMATION_FORMAT = dwarf;
				ENABLE_STRICT_OBJC_MSGSEND = YES;
				ENABLE_TESTABILITY = YES;
				GCC_C_LANGUAGE_STANDARD = gnu11;
				GCC_DYNAMIC_NO_PIC = NO;
				GCC_NO_COMMON_BLOCKS = YES;
				GCC_OPTIMIZATION_LEVEL = 0;
				GCC_PREPROCESSOR_DEFINITIONS = (
					"DEBUG=1",
					"$(inherited)",
				);
				GCC_WARN_64_TO_32_BIT_CONVERSION = YES;
				GCC_WARN_ABOUT_RETURN_TYPE = YES_ERROR;
				GCC_WARN_UNDECLARED_SELECTOR = YES;
				GCC_WARN_UNINITIALIZED_AUTOS = YES_AGGRESSIVE;
				GCC_WARN_UNUSED_FUNCTION = YES;
				GCC_WARN_UNUSED_VARIABLE = YES;
				IPHONEOS_DEPLOYMENT_TARGET = 16.2;
				MTL_ENABLE_DEBUG_INFO = INCLUDE_SOURCE;
				MTL_FAST_MATH = YES;
				ONLY_ACTIVE_ARCH = YES;
				SDKROOT = iphoneos;
				SWIFT_ACTIVE_COMPILATION_CONDITIONS = DEBUG;
				SWIFT_OPTIMIZATION_LEVEL = "-Onone";
			};
			name = Debug;
		};
		D243C7F82A39C5CB00A069A9 /* Release */ = {
			isa = XCBuildConfiguration;
			buildSettings = {
				ALWAYS_SEARCH_USER_PATHS = NO;
				CLANG_ANALYZER_NONNULL = YES;
				CLANG_ANALYZER_NUMBER_OBJECT_CONVERSION = YES_AGGRESSIVE;
				CLANG_CXX_LANGUAGE_STANDARD = "gnu++20";
				CLANG_ENABLE_MODULES = YES;
				CLANG_ENABLE_OBJC_ARC = YES;
				CLANG_ENABLE_OBJC_WEAK = YES;
				CLANG_WARN_BLOCK_CAPTURE_AUTORELEASING = YES;
				CLANG_WARN_BOOL_CONVERSION = YES;
				CLANG_WARN_COMMA = YES;
				CLANG_WARN_CONSTANT_CONVERSION = YES;
				CLANG_WARN_DEPRECATED_OBJC_IMPLEMENTATIONS = YES;
				CLANG_WARN_DIRECT_OBJC_ISA_USAGE = YES_ERROR;
				CLANG_WARN_DOCUMENTATION_COMMENTS = YES;
				CLANG_WARN_EMPTY_BODY = YES;
				CLANG_WARN_ENUM_CONVERSION = YES;
				CLANG_WARN_INFINITE_RECURSION = YES;
				CLANG_WARN_INT_CONVERSION = YES;
				CLANG_WARN_NON_LITERAL_NULL_CONVERSION = YES;
				CLANG_WARN_OBJC_IMPLICIT_RETAIN_SELF = YES;
				CLANG_WARN_OBJC_LITERAL_CONVERSION = YES;
				CLANG_WARN_OBJC_ROOT_CLASS = YES_ERROR;
				CLANG_WARN_QUOTED_INCLUDE_IN_FRAMEWORK_HEADER = YES;
				CLANG_WARN_RANGE_LOOP_ANALYSIS = YES;
				CLANG_WARN_STRICT_PROTOTYPES = YES;
				CLANG_WARN_SUSPICIOUS_MOVE = YES;
				CLANG_WARN_UNGUARDED_AVAILABILITY = YES_AGGRESSIVE;
				CLANG_WARN_UNREACHABLE_CODE = YES;
				CLANG_WARN__DUPLICATE_METHOD_MATCH = YES;
				COPY_PHASE_STRIP = NO;
				DEBUG_INFORMATION_FORMAT = "dwarf-with-dsym";
				ENABLE_NS_ASSERTIONS = NO;
				ENABLE_STRICT_OBJC_MSGSEND = YES;
				GCC_C_LANGUAGE_STANDARD = gnu11;
				GCC_NO_COMMON_BLOCKS = YES;
				GCC_WARN_64_TO_32_BIT_CONVERSION = YES;
				GCC_WARN_ABOUT_RETURN_TYPE = YES_ERROR;
				GCC_WARN_UNDECLARED_SELECTOR = YES;
				GCC_WARN_UNINITIALIZED_AUTOS = YES_AGGRESSIVE;
				GCC_WARN_UNUSED_FUNCTION = YES;
				GCC_WARN_UNUSED_VARIABLE = YES;
				IPHONEOS_DEPLOYMENT_TARGET = 16.2;
				MTL_ENABLE_DEBUG_INFO = NO;
				MTL_FAST_MATH = YES;
				SDKROOT = iphoneos;
				SWIFT_COMPILATION_MODE = wholemodule;
				SWIFT_OPTIMIZATION_LEVEL = "-O";
				VALIDATE_PRODUCT = YES;
			};
			name = Release;
		};
		D243C7FA2A39C5CB00A069A9 /* Debug */ = {
			isa = XCBuildConfiguration;
			buildSettings = {
				ASSETCATALOG_COMPILER_APPICON_NAME = AppIcon;
				ASSETCATALOG_COMPILER_GLOBAL_ACCENT_COLOR_NAME = AccentColor;
				CODE_SIGN_STYLE = Automatic;
				CURRENT_PROJECT_VERSION = 1;
				DEVELOPMENT_TEAM = LAJ6J7GY39;
				GENERATE_INFOPLIST_FILE = YES;
				INFOPLIST_FILE = Neat/Info.plist;
				INFOPLIST_KEY_UIApplicationSupportsIndirectInputEvents = YES;
				INFOPLIST_KEY_UILaunchStoryboardName = LaunchScreen;
				INFOPLIST_KEY_UIMainStoryboardFile = Main;
				INFOPLIST_KEY_UISupportedInterfaceOrientations_iPad = "UIInterfaceOrientationPortrait UIInterfaceOrientationPortraitUpsideDown UIInterfaceOrientationLandscapeLeft UIInterfaceOrientationLandscapeRight";
				INFOPLIST_KEY_UISupportedInterfaceOrientations_iPhone = "UIInterfaceOrientationPortrait UIInterfaceOrientationLandscapeLeft UIInterfaceOrientationLandscapeRight";
				LD_RUNPATH_SEARCH_PATHS = (
					"$(inherited)",
					"@executable_path/Frameworks",
				);
				MARKETING_VERSION = 1.0;
				PRODUCT_BUNDLE_IDENTIFIER = app.kikuchi.momorin.Neat;
				PRODUCT_NAME = "$(TARGET_NAME)";
				SWIFT_EMIT_LOC_STRINGS = YES;
				SWIFT_VERSION = 5.0;
				TARGETED_DEVICE_FAMILY = "1,2";
			};
			name = Debug;
		};
		D243C7FB2A39C5CB00A069A9 /* Release */ = {
			isa = XCBuildConfiguration;
			buildSettings = {
				ASSETCATALOG_COMPILER_APPICON_NAME = AppIcon;
				ASSETCATALOG_COMPILER_GLOBAL_ACCENT_COLOR_NAME = AccentColor;
				CODE_SIGN_STYLE = Automatic;
				CURRENT_PROJECT_VERSION = 1;
				DEVELOPMENT_TEAM = LAJ6J7GY39;
				GENERATE_INFOPLIST_FILE = YES;
				INFOPLIST_FILE = Neat/Info.plist;
				INFOPLIST_KEY_UIApplicationSupportsIndirectInputEvents = YES;
				INFOPLIST_KEY_UILaunchStoryboardName = LaunchScreen;
				INFOPLIST_KEY_UIMainStoryboardFile = Main;
				INFOPLIST_KEY_UISupportedInterfaceOrientations_iPad = "UIInterfaceOrientationPortrait UIInterfaceOrientationPortraitUpsideDown UIInterfaceOrientationLandscapeLeft UIInterfaceOrientationLandscapeRight";
				INFOPLIST_KEY_UISupportedInterfaceOrientations_iPhone = "UIInterfaceOrientationPortrait UIInterfaceOrientationLandscapeLeft UIInterfaceOrientationLandscapeRight";
				LD_RUNPATH_SEARCH_PATHS = (
					"$(inherited)",
					"@executable_path/Frameworks",
				);
				MARKETING_VERSION = 1.0;
				PRODUCT_BUNDLE_IDENTIFIER = app.kikuchi.momorin.Neat;
				PRODUCT_NAME = "$(TARGET_NAME)";
				SWIFT_EMIT_LOC_STRINGS = YES;
				SWIFT_VERSION = 5.0;
				TARGETED_DEVICE_FAMILY = "1,2";
			};
			name = Release;
		};
/* End XCBuildConfiguration section */

/* Begin XCConfigurationList section */
		D243C7E02A39C5C900A069A9 /* Build configuration list for PBXProject "Neat" */ = {
			isa = XCConfigurationList;
			buildConfigurations = (
				D243C7F72A39C5CB00A069A9 /* Debug */,
				D243C7F82A39C5CB00A069A9 /* Release */,
			);
			defaultConfigurationIsVisible = 0;
			defaultConfigurationName = Release;
		};
		D243C7F92A39C5CB00A069A9 /* Build configuration list for PBXNativeTarget "Neat" */ = {
			isa = XCConfigurationList;
			buildConfigurations = (
				D243C7FA2A39C5CB00A069A9 /* Debug */,
				D243C7FB2A39C5CB00A069A9 /* Release */,
			);
			defaultConfigurationIsVisible = 0;
			defaultConfigurationName = Release;
		};
/* End XCConfigurationList section */
	};
	rootObject = D243C7DD2A39C5C900A069A9 /* Project object */;
}
